# This file is autogenerated, do not edit; changes may be undone by the next 'dep ensure'.


[[projects]]
  branch = "master"
  name = "github.com/freeconf/gconf"
  packages = [
    "c2",
    "device",
    "meta",
    "meta/yang",
    "node",
    "nodes",
    "restconf",
    "secure",
    "stock",
    "val",
    "xpath"
  ]
  revision = "7483a40ddad90da614d1634e0d605ba7baaad63e"

[[projects]]
  branch = "master"
  name = "github.com/golang/glog"
  packages = ["."]
  revision = "23def4e6c14b4da8ac2ed8007337bc5eb5007998"

[[projects]]
  branch = "master"
  name = "github.com/kidoman/embd"
  packages = [
    ".",
    "host/generic",
    "host/rpi"
  ]
  revision = "d3d8c0c5c68dc6caccebb7d720f36e64bafd0a62"

[[projects]]
  branch = "master"
  name = "golang.org/x/net"
  packages = ["websocket"]
  revision = "2fb46b16b8dda405028c50f7c7f0f9dd1fa6bfb1"

[solve-meta]
  analyzer-name = "dep"
  analyzer-version = 1
  inputs-digest = "e3dab31558c06c18b85997fa4d124459f4eb36b97907a0f9a12d84c1d8faf8e3"
  solver-name = "gps-cdcl"
  solver-version = 1
